
Microsoft Visual Studio Solution File, Format Version 12.00
# Visual Studio Version 17
VisualStudioVersion = 17.0.32112.339
MinimumVisualStudioVersion = 10.0.40219.1
Project("{FAE04EC0-301F-11D3-BF4B-00C04F79EFBC}") = "FirstVisualStudioProject", "FirstVisualStudioProject\FirstVisualStudioProject.csproj", "{4FE9D994-2675-47A9-A7D9-6EDFC626F001}"
EndProject
Global
	GlobalSection(SolutionConfigurationPlatforms) = preSolution
		Debug|Any CPU = Debug|Any CPU
		Release|Any CPU = Release|Any CPU
	EndGlobalSection
	GlobalSection(ProjectConfigurationPlatforms) = postSolution
		{4FE9D994-2675-47A9-A7D9-6EDFC626F001}.Debug|Any CPU.ActiveCfg = Debug|Any CPU
		{4FE9D994-2675-47A9-A7D9-6EDFC626F001}.Debug|Any CPU.Build.0 = Debug|Any CPU
		{4FE9D994-2675-47A9-A7D9-6EDFC626F001}.Release|Any CPU.ActiveCfg = Release|Any CPU
		{4FE9D994-2675-47A9-A7D9-6EDFC626F001}.Release|Any CPU.Build.0 = Release|Any CPU
	EndGlobalSection
	GlobalSection(SolutionProperties) = preSolution
		HideSolutionNode = FALSE
	EndGlobalSection
	GlobalSection(ExtensibilityGlobals) = postSolution
		SolutionGuid = {634A05B0-6177-4546-AD74-8B1DC74A4C3C}
	EndGlobalSection
EndGlobal
